// !$*UTF8*$!
{
	archiveVersion = 1;
	classes = {
	};
	objectVersion = 46;
	objects = {

/* Begin PBXBuildFile section */
		EC453BFD1BFC5CDB00442B19 /* main.m in Sources */ = {isa = PBXBuildFile; fileRef = EC453BFC1BFC5CDB00442B19 /* main.m */; };
		EC453C001BFC5CDB00442B19 /* AppDelegate.m in Sources */ = {isa = PBXBuildFile; fileRef = EC453BFF1BFC5CDB00442B19 /* AppDelegate.m */; };
		EC453C061BFC5CDB00442B19 /* Main.storyboard in Resources */ = {isa = PBXBuildFile; fileRef = EC453C041BFC5CDB00442B19 /* Main.storyboard */; };
		EC453C081BFC5CDB00442B19 /* Assets.xcassets in Resources */ = {isa = PBXBuildFile; fileRef = EC453C071BFC5CDB00442B19 /* Assets.xcassets */; };
		EC453C161BFC5CDB00442B19 /* CXWelcomeViewDemoTests.m in Sources */ = {isa = PBXBuildFile; fileRef = EC453C151BFC5CDB00442B19 /* CXWelcomeViewDemoTests.m */; };
		EC453C211BFC5CDB00442B19 /* CXWelcomeViewDemoUITests.m in Sources */ = {isa = PBXBuildFile; fileRef = EC453C201BFC5CDB00442B19 /* CXWelcomeViewDemoUITests.m */; };
		EC453C311BFC5D0200442B19 /* ViewController.m in Sources */ = {isa = PBXBuildFile; fileRef = EC453C2F1BFC5D0200442B19 /* ViewController.m */; };
		EC453C321BFC5D0200442B19 /* ViewController.xib in Resources */ = {isa = PBXBuildFile; fileRef = EC453C301BFC5D0200442B19 /* ViewController.xib */; };
		EC453C361BFC5D8D00442B19 /* CXWelcomeView.m in Sources */ = {isa = PBXBuildFile; fileRef = EC453C351BFC5D8D00442B19 /* CXWelcomeView.m */; };
/* End PBXBuildFile section */

/* Begin PBXContainerItemProxy section */
		EC453C121BFC5CDB00442B19 /* PBXContainerItemProxy */ = {
			isa = PBXContainerItemProxy;
			containerPortal = EC453BF01BFC5CDB00442B19 /* Project object */;
			proxyType = 1;
			remoteGlobalIDString = EC453BF71BFC5CDB00442B19;
			remoteInfo = CXWelcomeViewDemo;
		};
		EC453C1D1BFC5CDB00442B19 /* PBXContainerItemProxy */ = {
			isa = PBXContainerItemProxy;
			containerPortal = EC453BF01BFC5CDB00442B19 /* Project object */;
			proxyType = 1;
			remoteGlobalIDString = EC453BF71BFC5CDB00442B19;
			remoteInfo = CXWelcomeViewDemo;
		};
/* End PBXContainerItemProxy section */

/* Begin PBXFileReference section */
		EC453BF81BFC5CDB00442B19 /* CXWelcomeViewDemo.app */ = {isa = PBXFileReference; explicitFileType = wrapper.application; includeInIndex = 0; path = CXWelcomeViewDemo.app; sourceTree = BUILT_PRODUCTS_DIR; };
		EC453BFC1BFC5CDB00442B19 /* main.m */ = {isa = PBXFileReference; lastKnownFileType = sourcecode.c.objc; path = main.m; sourceTree = "<group>"; };
		EC453BFE1BFC5CDB00442B19 /* AppDelegate.h */ = {isa = PBXFileReference; lastKnownFileType = sourcecode.c.h; path = AppDelegate.h; sourceTree = "<group>"; };
		EC453BFF1BFC5CDB00442B19 /* AppDelegate.m */ = {isa = PBXFileReference; lastKnownFileType = sourcecode.c.objc; path = AppDelegate.m; sourceTree = "<group>"; };
		EC453C051BFC5CDB00442B19 /* Base */ = {isa = PBXFileReference; lastKnownFileType = file.storyboard; name = Base; path = Base.lproj/Main.storyboard; sourceTree = "<group>"; };
		EC453C071BFC5CDB00442B19 /* Assets.xcassets */ = {isa = PBXFileReference; lastKnownFileType = folder.assetcatalog; path = Assets.xcassets; sourceTree = "<group>"; };
		EC453C0C1BFC5CDB00442B19 /* Info.plist */ = {isa = PBXFileReference; lastKnownFileType = text.plist.xml; path = Info.plist; sourceTree = "<group>"; };
		EC453C111BFC5CDB00442B19 /* CXWelcomeViewDemoTests.xctest */ = {isa = PBXFileReference; explicitFileType = wrapper.cfbundle; includeInIndex = 0; path = CXWelcomeViewDemoTests.xctest; sourceTree = BUILT_PRODUCTS_DIR; };
		EC453C151BFC5CDB00442B19 /* CXWelcomeViewDemoTests.m */ = {isa = PBXFileReference; lastKnownFileType = sourcecode.c.objc; path = CXWelcomeViewDemoTests.m; sourceTree = "<group>"; };
		EC453C171BFC5CDB00442B19 /* Info.plist */ = {isa = PBXFileReference; lastKnownFileType = text.plist.xml; path = Info.plist; sourceTree = "<group>"; };
		EC453C1C1BFC5CDB00442B19 /* CXWelcomeViewDemoUITests.xctest */ = {isa = PBXFileReference; explicitFileType = wrapper.cfbundle; includeInIndex = 0; path = CXWelcomeViewDemoUITests.xctest; sourceTree = BUILT_PRODUCTS_DIR; };
		EC453C201BFC5CDB00442B19 /* CXWelcomeViewDemoUITests.m */ = {isa = PBXFileReference; lastKnownFileType = sourcecode.c.objc; path = CXWelcomeViewDemoUITests.m; sourceTree = "<group>"; };
		EC453C221BFC5CDB00442B19 /* Info.plist */ = {isa = PBXFileReference; lastKnownFileType = text.plist.xml; path = Info.plist; sourceTree = "<group>"; };
		EC453C2E1BFC5D0200442B19 /* ViewController.h */ = {isa = PBXFileReference; fileEncoding = 4; lastKnownFileType = sourcecode.c.h; path = ViewController.h; sourceTree = "<group>"; };
		EC453C2F1BFC5D0200442B19 /* ViewController.m */ = {isa = PBXFileReference; fileEncoding = 4; lastKnownFileType = sourcecode.c.objc; path = ViewController.m; sourceTree = "<group>"; };
		EC453C301BFC5D0200442B19 /* ViewController.xib */ = {isa = PBXFileReference; fileEncoding = 4; lastKnownFileType = file.xib; path = ViewController.xib; sourceTree = "<group>"; };
		EC453C341BFC5D8D00442B19 /* CXWelcomeView.h */ = {isa = PBXFileReference; fileEncoding = 4; lastKnownFileType = sourcecode.c.h; path = CXWelcomeView.h; sourceTree = "<group>"; };
		EC453C351BFC5D8D00442B19 /* CXWelcomeView.m */ = {isa = PBXFileReference; fileEncoding = 4; lastKnownFileType = sourcecode.c.objc; path = CXWelcomeView.m; sourceTree = "<group>"; };
/* End PBXFileReference section */

/* Begin PBXFrameworksBuildPhase section */
		EC453BF51BFC5CDB00442B19 /* Frameworks */ = {
			isa = PBXFrameworksBuildPhase;
			buildActionMask = 2147483647;
			files = (
			);
			runOnlyForDeploymentPostprocessing = 0;
		};
		EC453C0E1BFC5CDB00442B19 /* Frameworks */ = {
			isa = PBXFrameworksBuildPhase;
			buildActionMask = 2147483647;
			files = (
			);
			runOnlyForDeploymentPostprocessing = 0;
		};
		EC453C191BFC5CDB00442B19 /* Frameworks */ = {
			isa = PBXFrameworksBuildPhase;
			buildActionMask = 2147483647;
			files = (
			);
			runOnlyForDeploymentPostprocessing = 0;
		};
/* End PBXFrameworksBuildPhase section */

/* Begin PBXGroup section */
		EC453BEF1BFC5CDB00442B19 = {
			isa = PBXGroup;
			children = (
				EC453BFA1BFC5CDB00442B19 /* CXWelcomeViewDemo */,
				EC453C141BFC5CDB00442B19 /* CXWelcomeViewDemoTests */,
				EC453C1F1BFC5CDB00442B19 /* CXWelcomeViewDemoUITests */,
				EC453BF91BFC5CDB00442B19 /* Products */,
			);
			sourceTree = "<group>";
		};
		EC453BF91BFC5CDB00442B19 /* Products */ = {
			isa = PBXGroup;
			children = (
				EC453BF81BFC5CDB00442B19 /* CXWelcomeViewDemo.app */,
				EC453C111BFC5CDB00442B19 /* CXWelcomeViewDemoTests.xctest */,
				EC453C1C1BFC5CDB00442B19 /* CXWelcomeViewDemoUITests.xctest */,
			);
			name = Products;
			sourceTree = "<group>";
		};
		EC453BFA1BFC5CDB00442B19 /* CXWelcomeViewDemo */ = {
			isa = PBXGroup;
			children = (
				EC453C331BFC5D8D00442B19 /* CXWelcomeView */,
				EC453BFE1BFC5CDB00442B19 /* AppDelegate.h */,
				EC453BFF1BFC5CDB00442B19 /* AppDelegate.m */,
				EC453C2E1BFC5D0200442B19 /* ViewController.h */,
				EC453C2F1BFC5D0200442B19 /* ViewController.m */,
				EC453C301BFC5D0200442B19 /* ViewController.xib */,
				EC453C041BFC5CDB00442B19 /* Main.storyboard */,
				EC453C071BFC5CDB00442B19 /* Assets.xcassets */,
				EC453C0C1BFC5CDB00442B19 /* Info.plist */,
				EC453BFB1BFC5CDB00442B19 /* Supporting Files */,
			);
			path = CXWelcomeViewDemo;
			sourceTree = "<group>";
		};
		EC453BFB1BFC5CDB00442B19 /* Supporting Files */ = {
			isa = PBXGroup;
			children = (
				EC453BFC1BFC5CDB00442B19 /* main.m */,
			);
			name = "Supporting Files";
			sourceTree = "<group>";
		};
		EC453C141BFC5CDB00442B19 /* CXWelcomeViewDemoTests */ = {
			isa = PBXGroup;
			children = (
				EC453C151BFC5CDB00442B19 /* CXWelcomeViewDemoTests.m */,
				EC453C171BFC5CDB00442B19 /* Info.plist */,
			);
			path = CXWelcomeViewDemoTests;
			sourceTree = "<group>";
		};
		EC453C1F1BFC5CDB00442B19 /* CXWelcomeViewDemoUITests */ = {
			isa = PBXGroup;
			children = (
				EC453C201BFC5CDB00442B19 /* CXWelcomeViewDemoUITests.m */,
				EC453C221BFC5CDB00442B19 /* Info.plist */,
			);
			path = CXWelcomeViewDemoUITests;
			sourceTree = "<group>";
		};
		EC453C331BFC5D8D00442B19 /* CXWelcomeView */ = {
			isa = PBXGroup;
			children = (
				EC453C341BFC5D8D00442B19 /* CXWelcomeView.h */,
				EC453C351BFC5D8D00442B19 /* CXWelcomeView.m */,
			);
			path = CXWelcomeView;
			sourceTree = "<group>";
		};
/* End PBXGroup section */

/* Begin PBXNativeTarget section */
		EC453BF71BFC5CDB00442B19 /* CXWelcomeViewDemo */ = {
			isa = PBXNativeTarget;
			buildConfigurationList = EC453C251BFC5CDB00442B19 /* Build configuration list for PBXNativeTarget "CXWelcomeViewDemo" */;
			buildPhases = (
				EC453BF41BFC5CDB00442B19 /* Sources */,
				EC453BF51BFC5CDB00442B19 /* Frameworks */,
				EC453BF61BFC5CDB00442B19 /* Resources */,
			);
			buildRules = (
			);
			dependencies = (
			);
			name = CXWelcomeViewDemo;
			productName = CXWelcomeViewDemo;
			productReference = EC453BF81BFC5CDB00442B19 /* CXWelcomeViewDemo.app */;
			productType = "com.apple.product-type.application";
		};
		EC453C101BFC5CDB00442B19 /* CXWelcomeViewDemoTests */ = {
			isa = PBXNativeTarget;
			buildConfigurationList = EC453C281BFC5CDB00442B19 /* Build configuration list for PBXNativeTarget "CXWelcomeViewDemoTests" */;
			buildPhases = (
				EC453C0D1BFC5CDB00442B19 /* Sources */,
				EC453C0E1BFC5CDB00442B19 /* Frameworks */,
				EC453C0F1BFC5CDB00442B19 /* Resources */,
			);
			buildRules = (
			);
			dependencies = (
				EC453C131BFC5CDB00442B19 /* PBXTargetDependency */,
			);
			name = CXWelcomeViewDemoTests;
			productName = CXWelcomeViewDemoTests;
			productReference = EC453C111BFC5CDB00442B19 /* CXWelcomeViewDemoTests.xctest */;
			productType = "com.apple.product-type.bundle.unit-test";
		};
		EC453C1B1BFC5CDB00442B19 /* CXWelcomeViewDemoUITests */ = {
			isa = PBXNativeTarget;
			buildConfigurationList = EC453C2B1BFC5CDB00442B19 /* Build configuration list for PBXNativeTarget "CXWelcomeViewDemoUITests" */;
			buildPhases = (
				EC453C181BFC5CDB00442B19 /* Sources */,
				EC453C191BFC5CDB00442B19 /* Frameworks */,
				EC453C1A1BFC5CDB00442B19 /* Resources */,
			);
			buildRules = (
			);
			dependencies = (
				EC453C1E1BFC5CDB00442B19 /* PBXTargetDependency */,
			);
			name = CXWelcomeViewDemoUITests;
			productName = CXWelcomeViewDemoUITests;
			productReference = EC453C1C1BFC5CDB00442B19 /* CXWelcomeViewDemoUITests.xctest */;
			productType = "com.apple.product-type.bundle.ui-testing";
		};
/* End PBXNativeTarget section */

/* Begin PBXProject section */
		EC453BF01BFC5CDB00442B19 /* Project object */ = {
			isa = PBXProject;
			attributes = {
				LastUpgradeCheck = 0710;
				ORGANIZATIONNAME = chaox;
				TargetAttributes = {
					EC453BF71BFC5CDB00442B19 = {
						CreatedOnToolsVersion = 7.1.1;
					};
					EC453C101BFC5CDB00442B19 = {
						CreatedOnToolsVersion = 7.1.1;
						TestTargetID = EC453BF71BFC5CDB00442B19;
					};
					EC453C1B1BFC5CDB00442B19 = {
						CreatedOnToolsVersion = 7.1.1;
						TestTargetID = EC453BF71BFC5CDB00442B19;
					};
				};
			};
			buildConfigurationList = EC453BF31BFC5CDB00442B19 /* Build configuration list for PBXProject "CXWelcomeViewDemo" */;
			compatibilityVersion = "Xcode 3.2";
			developmentRegion = English;
			hasScannedForEncodings = 0;
			knownRegions = (
				en,
				Base,
			);
			mainGroup = EC453BEF1BFC5CDB00442B19;
			productRefGroup = EC453BF91BFC5CDB00442B19 /* Products */;
			projectDirPath = "";
			projectRoot = "";
			targets = (
				EC453BF71BFC5CDB00442B19 /* CXWelcomeViewDemo */,
				EC453C101BFC5CDB00442B19 /* CXWelcomeViewDemoTests */,
				EC453C1B1BFC5CDB00442B19 /* CXWelcomeViewDemoUITests */,
			);
		};
/* End PBXProject section */

/* Begin PBXResourcesBuildPhase section */
		EC453BF61BFC5CDB00442B19 /* Resources */ = {
			isa = PBXResourcesBuildPhase;
			buildActionMask = 2147483647;
			files = (
				EC453C081BFC5CDB00442B19 /* Assets.xcassets in Resources */,
				EC453C321BFC5D0200442B19 /* ViewController.xib in Resources */,
				EC453C061BFC5CDB00442B19 /* Main.storyboard in Resources */,
			);
			runOnlyForDeploymentPostprocessing = 0;
		};
		EC453C0F1BFC5CDB00442B19 /* Resources */ = {
			isa = PBXResourcesBuildPhase;
			buildActionMask = 2147483647;
			files = (
			);
			runOnlyForDeploymentPostprocessing = 0;
		};
		EC453C1A1BFC5CDB00442B19 /* Resources */ = {
			isa = PBXResourcesBuildPhase;
			buildActionMask = 2147483647;
			files = (
			);
			runOnlyForDeploymentPostprocessing = 0;
		};
/* End PBXResourcesBuildPhase section */

/* Begin PBXSourcesBuildPhase section */
		EC453BF41BFC5CDB00442B19 /* Sources */ = {
			isa = PBXSourcesBuildPhase;
			buildActionMask = 2147483647;
			files = (
				EC453C361BFC5D8D00442B19 /* CXWelcomeView.m in Sources */,
				EC453C311BFC5D0200442B19 /* ViewController.m in Sources */,
				EC453C001BFC5CDB00442B19 /* AppDelegate.m in Sources */,
				EC453BFD1BFC5CDB00442B19 /* main.m in Sources */,
			);
			runOnlyForDeploymentPostprocessing = 0;
		};
		EC453C0D1BFC5CDB00442B19 /* Sources */ = {
			isa = PBXSourcesBuildPhase;
			buildActionMask = 2147483647;
			files = (
				EC453C161BFC5CDB00442B19 /* CXWelcomeViewDemoTests.m in Sources */,
			);
			runOnlyForDeploymentPostprocessing = 0;
		};
		EC453C181BFC5CDB00442B19 /* Sources */ = {
			isa = PBXSourcesBuildPhase;
			buildActionMask = 2147483647;
			files = (
				EC453C211BFC5CDB00442B19 /* CXWelcomeViewDemoUITests.m in Sources */,
			);
			runOnlyForDeploymentPostprocessing = 0;
		};
/* End PBXSourcesBuildPhase section */

/* Begin PBXTargetDependency section */
		EC453C131BFC5CDB00442B19 /* PBXTargetDependency */ = {
			isa = PBXTargetDependency;
			target = EC453BF71BFC5CDB00442B19 /* CXWelcomeViewDemo */;
			targetProxy = EC453C121BFC5CDB00442B19 /* PBXContainerItemProxy */;
		};
		EC453C1E1BFC5CDB00442B19 /* PBXTargetDependency */ = {
			isa = PBXTargetDependency;
			target = EC453BF71BFC5CDB00442B19 /* CXWelcomeViewDemo */;
			targetProxy = EC453C1D1BFC5CDB00442B19 /* PBXContainerItemProxy */;
		};
/* End PBXTargetDependency section */

/* Begin PBXVariantGroup section */
		EC453C041BFC5CDB00442B19 /* Main.storyboard */ = {
			isa = PBXVariantGroup;
			children = (
				EC453C051BFC5CDB00442B19 /* Base */,
			);
			name = Main.storyboard;
			sourceTree = "<group>";
		};
/* End PBXVariantGroup section */

/* Begin XCBuildConfiguration section */
		EC453C231BFC5CDB00442B19 /* Debug */ = {
			isa = XCBuildConfiguration;
			buildSettings = {
				ALWAYS_SEARCH_USER_PATHS = NO;
				CLANG_CXX_LANGUAGE_STANDARD = "gnu++0x";
				CLANG_CXX_LIBRARY = "libc++";
				CLANG_ENABLE_MODULES = YES;
				CLANG_ENABLE_OBJC_ARC = YES;
				CLANG_WARN_BOOL_CONVERSION = YES;
				CLANG_WARN_CONSTANT_CONVERSION = YES;
				CLANG_WARN_DIRECT_OBJC_ISA_USAGE = YES_ERROR;
				CLANG_WARN_EMPTY_BODY = YES;
				CLANG_WARN_ENUM_CONVERSION = YES;
				CLANG_WARN_INT_CONVERSION = YES;
				CLANG_WARN_OBJC_ROOT_CLASS = YES_ERROR;
				CLANG_WARN_UNREACHABLE_CODE = YES;
				CLANG_WARN__DUPLICATE_METHOD_MATCH = YES;
				"CODE_SIGN_IDENTITY[sdk=iphoneos*]" = "iPhone Developer";
				COPY_PHASE_STRIP = NO;
				DEBUG_INFORMATION_FORMAT = dwarf;
				ENABLE_STRICT_OBJC_MSGSEND = YES;
				ENABLE_TESTABILITY = YES;
				GCC_C_LANGUAGE_STANDARD = gnu99;
				GCC_DYNAMIC_NO_PIC = NO;
				GCC_NO_COMMON_BLOCKS = YES;
				GCC_OPTIMIZATION_LEVEL = 0;
				GCC_PREPROCESSOR_DEFINITIONS = (
					"DEBUG=1",
					"$(inherited)",
				);
				GCC_WARN_64_TO_32_BIT_CONVERSION = YES;
				GCC_WARN_ABOUT_RETURN_TYPE = YES_ERROR;
				GCC_WARN_UNDECLARED_SELECTOR = YES;
				GCC_WARN_UNINITIALIZED_AUTOS = YES_AGGRESSIVE;
				GCC_WARN_UNUSED_FUNCTION = YES;
				GCC_WARN_UNUSED_VARIABLE = YES;
				IPHONEOS_DEPLOYMENT_TARGET = 9.1;
				MTL_ENABLE_DEBUG_INFO = YES;
				ONLY_ACTIVE_ARCH = YES;
				SDKROOT = iphoneos;
			};
			name = Debug;
		};
		EC453C241BFC5CDB00442B19 /* Release */ = {
			isa = XCBuildConfiguration;
			buildSettings = {
				ALWAYS_SEARCH_USER_PATHS = NO;
				CLANG_CXX_LANGUAGE_STANDARD = "gnu++0x";
				CLANG_CXX_LIBRARY = "libc++";
				CLANG_ENABLE_MODULES = YES;
				CLANG_ENABLE_OBJC_ARC = YES;
				CLANG_WARN_BOOL_CONVERSION = YES;
				CLANG_WARN_CONSTANT_CONVERSION = YES;
				CLANG_WARN_DIRECT_OBJC_ISA_USAGE = YES_ERROR;
				CLANG_WARN_EMPTY_BODY = YES;
				CLANG_WARN_ENUM_CONVERSION = YES;
				CLANG_WARN_INT_CONVERSION = YES;
				CLANG_WARN_OBJC_ROOT_CLASS = YES_ERROR;
				CLANG_WARN_UNREACHABLE_CODE = YES;
				CLANG_WARN__DUPLICATE_METHOD_MATCH = YES;
				"CODE_SIGN_IDENTITY[sdk=iphoneos*]" = "iPhone Developer";
				COPY_PHASE_STRIP = NO;
				DEBUG_INFORMATION_FORMAT = "dwarf-with-dsym";
				ENABLE_NS_ASSERTIONS = NO;
				ENABLE_STRICT_OBJC_MSGSEND = YES;
				GCC_C_LANGUAGE_STANDARD = gnu99;
				GCC_NO_COMMON_BLOCKS = YES;
				GCC_WARN_64_TO_32_BIT_CONVERSION = YES;
				GCC_WARN_ABOUT_RETURN_TYPE = YES_ERROR;
				GCC_WARN_UNDECLARED_SELECTOR = YES;
				GCC_WARN_UNINITIALIZED_AUTOS = YES_AGGRESSIVE;
				GCC_WARN_UNUSED_FUNCTION = YES;
				GCC_WARN_UNUSED_VARIABLE = YES;
				IPHONEOS_DEPLOYMENT_TARGET = 9.1;
				MTL_ENABLE_DEBUG_INFO = NO;
				SDKROOT = iphoneos;
				VALIDATE_PRODUCT = YES;
			};
			name = Release;
		};
		EC453C261BFC5CDB00442B19 /* Debug */ = {
			isa = XCBuildConfiguration;
			buildSettings = {
				ASSETCATALOG_COMPILER_APPICON_NAME = AppIcon;
				INFOPLIST_FILE = CXWelcomeViewDemo/Info.plist;
				IPHONEOS_DEPLOYMENT_TARGET = 8.4;
				LD_RUNPATH_SEARCH_PATHS = "$(inherited) @executable_path/Frameworks";
				PRODUCT_BUNDLE_IDENTIFIER = chaox.CXWelcomeViewDemo;
				PRODUCT_NAME = "$(TARGET_NAME)";
			};
			name = Debug;
		};
		EC453C271BFC5CDB00442B19 /* Release */ = {
			isa = XCBuildConfiguration;
			buildSettings = {
				ASSETCATALOG_COMPILER_APPICON_NAME = AppIcon;
				INFOPLIST_FILE = CXWelcomeViewDemo/Info.plist;
				IPHONEOS_DEPLOYMENT_TARGET = 8.4;
				LD_RUNPATH_SEARCH_PATHS = "$(inherited) @executable_path/Frameworks";
				PRODUCT_BUNDLE_IDENTIFIER = chaox.CXWelcomeViewDemo;
				PRODUCT_NAME = "$(TARGET_NAME)";
			};
			name = Release;
		};
		EC453C291BFC5CDB00442B19 /* Debug */ = {
			isa = XCBuildConfiguration;
			buildSettings = {
				BUNDLE_LOADER = "$(TEST_HOST)";
				INFOPLIST_FILE = CXWelcomeViewDemoTests/Info.plist;
				LD_RUNPATH_SEARCH_PATHS = "$(inherited) @executable_path/Frameworks @loader_path/Frameworks";
				PRODUCT_BUNDLE_IDENTIFIER = chaox.CXWelcomeViewDemoTests;
				PRODUCT_NAME = "$(TARGET_NAME)";
				TEST_HOST = "$(BUILT_PRODUCTS_DIR)/CXWelcomeViewDemo.app/CXWelcomeViewDemo";
			};
			name = Debug;
		};
		EC453C2A1BFC5CDB00442B19 /* Release */ = {
			isa = XCBuildConfiguration;
			buildSettings = {
				BUNDLE_LOADER = "$(TEST_HOST)";
				INFOPLIST_FILE = CXWelcomeViewDemoTests/Info.plist;
				LD_RUNPATH_SEARCH_PATHS = "$(inherited) @executable_path/Frameworks @loader_path/Frameworks";
				PRODUCT_BUNDLE_IDENTIFIER = chaox.CXWelcomeViewDemoTests;
				PRODUCT_NAME = "$(TARGET_NAME)";
				TEST_HOST = "$(BUILT_PRODUCTS_DIR)/CXWelcomeViewDemo.app/CXWelcomeViewDemo";
			};
			name = Release;
		};
		EC453C2C1BFC5CDB00442B19 /* Debug */ = {
			isa = XCBuildConfiguration;
			buildSettings = {
				INFOPLIST_FILE = CXWelcomeViewDemoUITests/Info.plist;
				LD_RUNPATH_SEARCH_PATHS = "$(inherited) @executable_path/Frameworks @loader_path/Frameworks";
				PRODUCT_BUNDLE_IDENTIFIER = chaox.CXWelcomeViewDemoUITests;
				PRODUCT_NAME = "$(TARGET_NAME)";
				TEST_TARGET_NAME = CXWelcomeViewDemo;
				USES_XCTRUNNER = YES;
			};
			name = Debug;
		};
		EC453C2D1BFC5CDB00442B19 /* Release */ = {
			isa = XCBuildConfiguration;
			buildSettings = {
				INFOPLIST_FILE = CXWelcomeViewDemoUITests/Info.plist;
				LD_RUNPATH_SEARCH_PATHS = "$(inherited) @executable_path/Frameworks @loader_path/Frameworks";
				PRODUCT_BUNDLE_IDENTIFIER = chaox.CXWelcomeViewDemoUITests;
				PRODUCT_NAME = "$(TARGET_NAME)";
				TEST_TARGET_NAME = CXWelcomeViewDemo;
				USES_XCTRUNNER = YES;
			};
			name = Release;
		};
/* End XCBuildConfiguration section */

/* Begin XCConfigurationList section */
		EC453BF31BFC5CDB00442B19 /* Build configuration list for PBXProject "CXWelcomeViewDemo" */ = {
			isa = XCConfigurationList;
			buildConfigurations = (
				EC453C231BFC5CDB00442B19 /* Debug */,
				EC453C241BFC5CDB00442B19 /* Release */,
			);
			defaultConfigurationIsVisible = 0;
			defaultConfigurationName = Release;
		};
		EC453C251BFC5CDB00442B19 /* Build configuration list for PBXNativeTarget "CXWelcomeViewDemo" */ = {
			isa = XCConfigurationList;
			buildConfigurations = (
				EC453C261BFC5CDB00442B19 /* Debug */,
				EC453C271BFC5CDB00442B19 /* Release */,
			);
			defaultConfigurationIsVisible = 0;
		};
		EC453C281BFC5CDB00442B19 /* Build configuration list for PBXNativeTarget "CXWelcomeViewDemoTests" */ = {
			isa = XCConfigurationList;
			buildConfigurations = (
				EC453C291BFC5CDB00442B19 /* Debug */,
				EC453C2A1BFC5CDB00442B19 /* Release */,
			);
			defaultConfigurationIsVisible = 0;
		};
		EC453C2B1BFC5CDB00442B19 /* Build configuration list for PBXNativeTarget "CXWelcomeViewDemoUITests" */ = {
			isa = XCConfigurationList;
			buildConfigurations = (
				EC453C2C1BFC5CDB00442B19 /* Debug */,
				EC453C2D1BFC5CDB00442B19 /* Release */,
			);
			defaultConfigurationIsVisible = 0;
		};
/* End XCConfigurationList section */
	};
	rootObject = EC453BF01BFC5CDB00442B19 /* Project object */;
}
